
Microsoft Visual Studio Solution File, Format Version 12.00
# Visual Studio Version 17
VisualStudioVersion = 17.1.32421.90
MinimumVisualStudioVersion = 10.0.40219.1
Project("{FAE04EC0-301F-11D3-BF4B-00C04F79EFBC}") = "Clase-05-04-VS22", "Clase-05-04-VS22\Clase-05-04-VS22.csproj", "{C0E32AC7-1E6C-49EA-AA7B-C300B987A245}"
EndProject
Global
	GlobalSection(SolutionConfigurationPlatforms) = preSolution
		Debug|Any CPU = Debug|Any CPU
		Release|Any CPU = Release|Any CPU
	EndGlobalSection
	GlobalSection(ProjectConfigurationPlatforms) = postSolution
		{C0E32AC7-1E6C-49EA-AA7B-C300B987A245}.Debug|Any CPU.ActiveCfg = Debug|Any CPU
		{C0E32AC7-1E6C-49EA-AA7B-C300B987A245}.Debug|Any CPU.Build.0 = Debug|Any CPU
		{C0E32AC7-1E6C-49EA-AA7B-C300B987A245}.Release|Any CPU.ActiveCfg = Release|Any CPU
		{C0E32AC7-1E6C-49EA-AA7B-C300B987A245}.Release|Any CPU.Build.0 = Release|Any CPU
	EndGlobalSection
	GlobalSection(SolutionProperties) = preSolution
		HideSolutionNode = FALSE
	EndGlobalSection
	GlobalSection(ExtensibilityGlobals) = postSolution
		SolutionGuid = {FD162A39-17D8-4D95-A24E-AC87B3431F1B}
	EndGlobalSection
EndGlobal
